
Microsoft Visual Studio Solution File, Format Version 12.00
# Visual Studio Version 16
VisualStudioVersion = 16.0.30204.135
MinimumVisualStudioVersion = 10.0.40219.1
Project("{9A19103F-16F7-4668-BE54-9A1E7A4F7556}") = "DataConverter", "DataConverter\DataConverter.csproj", "{5D283C35-1C63-49CA-B9F9-CF1DFB503956}"
EndProject
Project("{FAE04EC0-301F-11D3-BF4B-00C04F79EFBC}") = "DataConverter.Tests", "DataConverter.Tests\DataConverter.Tests.csproj", "{C433E01B-1E41-402D-A6ED-ADCA354A205A}"
EndProject
Global
	GlobalSection(SolutionConfigurationPlatforms) = preSolution
		Debug|Any CPU = Debug|Any CPU
		Release|Any CPU = Release|Any CPU
	EndGlobalSection
	GlobalSection(ProjectConfigurationPlatforms) = postSolution
		{5D283C35-1C63-49CA-B9F9-CF1DFB503956}.Debug|Any CPU.ActiveCfg = Debug|Any CPU
		{5D283C35-1C63-49CA-B9F9-CF1DFB503956}.Debug|Any CPU.Build.0 = Debug|Any CPU
		{5D283C35-1C63-49CA-B9F9-CF1DFB503956}.Release|Any CPU.ActiveCfg = Release|Any CPU
		{5D283C35-1C63-49CA-B9F9-CF1DFB503956}.Release|Any CPU.Build.0 = Release|Any CPU
		{C433E01B-1E41-402D-A6ED-ADCA354A205A}.Debug|Any CPU.ActiveCfg = Debug|Any CPU
		{C433E01B-1E41-402D-A6ED-ADCA354A205A}.Debug|Any CPU.Build.0 = Debug|Any CPU
		{C433E01B-1E41-402D-A6ED-ADCA354A205A}.Release|Any CPU.ActiveCfg = Release|Any CPU
		{C433E01B-1E41-402D-A6ED-ADCA354A205A}.Release|Any CPU.Build.0 = Release|Any CPU
	EndGlobalSection
	GlobalSection(SolutionProperties) = preSolution
		HideSolutionNode = FALSE
	EndGlobalSection
	GlobalSection(ExtensibilityGlobals) = postSolution
		SolutionGuid = {8BC53210-6B35-4FA9-8EE9-83C1076C238B}
	EndGlobalSection
EndGlobal
